
Microsoft Visual Studio Solution File, Format Version 12.00
# Visual Studio 15
VisualStudioVersion = 15.0.27130.2010
MinimumVisualStudioVersion = 10.0.40219.1
Project("{FAE04EC0-301F-11D3-BF4B-00C04F79EFBC}") = "Graphmos", "Graphmos\Graphmos.csproj", "{59483BC5-6A30-4E83-802B-D7217D280379}"
EndProject
Global
	GlobalSection(SolutionConfigurationPlatforms) = preSolution
		Debug|Any CPU = Debug|Any CPU
		Release|Any CPU = Release|Any CPU
	EndGlobalSection
	GlobalSection(ProjectConfigurationPlatforms) = postSolution
		{59483BC5-6A30-4E83-802B-D7217D280379}.Debug|Any CPU.ActiveCfg = Debug|Any CPU
		{59483BC5-6A30-4E83-802B-D7217D280379}.Debug|Any CPU.Build.0 = Debug|Any CPU
		{59483BC5-6A30-4E83-802B-D7217D280379}.Release|Any CPU.ActiveCfg = Release|Any CPU
		{59483BC5-6A30-4E83-802B-D7217D280379}.Release|Any CPU.Build.0 = Release|Any CPU
	EndGlobalSection
	GlobalSection(SolutionProperties) = preSolution
		HideSolutionNode = FALSE
	EndGlobalSection
	GlobalSection(ExtensibilityGlobals) = postSolution
		SolutionGuid = {32A9D813-7074-4015-A130-59DAA8FCEF27}
	EndGlobalSection
EndGlobal
